// !$*UTF8*$!
{
	archiveVersion = 1;
	classes = {
	};
	objectVersion = 55;
	objects = {

/* Begin PBXBuildFile section */
		FCD5385E266F6BAC005F7BBF /* AppDelegate.swift in Sources */ = {isa = PBXBuildFile; fileRef = FCD5385D266F6BAC005F7BBF /* AppDelegate.swift */; };
		FCD53860266F6BAC005F7BBF /* SceneDelegate.swift in Sources */ = {isa = PBXBuildFile; fileRef = FCD5385F266F6BAC005F7BBF /* SceneDelegate.swift */; };
		FCD53862266F6BAC005F7BBF /* HomeViewController.swift in Sources */ = {isa = PBXBuildFile; fileRef = FCD53861266F6BAC005F7BBF /* HomeViewController.swift */; };
		FCD53867266F6BAE005F7BBF /* Assets.xcassets in Resources */ = {isa = PBXBuildFile; fileRef = FCD53866266F6BAE005F7BBF /* Assets.xcassets */; };
		FCD5386A266F6BAE005F7BBF /* LaunchScreen.storyboard in Resources */ = {isa = PBXBuildFile; fileRef = FCD53868266F6BAE005F7BBF /* LaunchScreen.storyboard */; };
		FCD53872266F6DDB005F7BBF /* SheetPage.swift in Sources */ = {isa = PBXBuildFile; fileRef = FCD53871266F6DDB005F7BBF /* SheetPage.swift */; };
		FCD53874266F7A33005F7BBF /* APIService.swift in Sources */ = {isa = PBXBuildFile; fileRef = FCD53873266F7A33005F7BBF /* APIService.swift */; };
/* End PBXBuildFile section */

/* Begin PBXFileReference section */
		FCD5385A266F6BAC005F7BBF /* sheetpresentation.app */ = {isa = PBXFileReference; explicitFileType = wrapper.application; includeInIndex = 0; path = sheetpresentation.app; sourceTree = BUILT_PRODUCTS_DIR; };
		FCD5385D266F6BAC005F7BBF /* AppDelegate.swift */ = {isa = PBXFileReference; lastKnownFileType = sourcecode.swift; path = AppDelegate.swift; sourceTree = "<group>"; };
		FCD5385F266F6BAC005F7BBF /* SceneDelegate.swift */ = {isa = PBXFileReference; lastKnownFileType = sourcecode.swift; path = SceneDelegate.swift; sourceTree = "<group>"; };
		FCD53861266F6BAC005F7BBF /* HomeViewController.swift */ = {isa = PBXFileReference; lastKnownFileType = sourcecode.swift; path = HomeViewController.swift; sourceTree = "<group>"; };
		FCD53866266F6BAE005F7BBF /* Assets.xcassets */ = {isa = PBXFileReference; lastKnownFileType = folder.assetcatalog; path = Assets.xcassets; sourceTree = "<group>"; };
		FCD53869266F6BAE005F7BBF /* Base */ = {isa = PBXFileReference; lastKnownFileType = file.storyboard; name = Base; path = Base.lproj/LaunchScreen.storyboard; sourceTree = "<group>"; };
		FCD5386B266F6BAE005F7BBF /* Info.plist */ = {isa = PBXFileReference; lastKnownFileType = text.plist.xml; path = Info.plist; sourceTree = "<group>"; };
		FCD53871266F6DDB005F7BBF /* SheetPage.swift */ = {isa = PBXFileReference; lastKnownFileType = sourcecode.swift; path = SheetPage.swift; sourceTree = "<group>"; };
		FCD53873266F7A33005F7BBF /* APIService.swift */ = {isa = PBXFileReference; lastKnownFileType = sourcecode.swift; path = APIService.swift; sourceTree = "<group>"; };
/* End PBXFileReference section */

/* Begin PBXFrameworksBuildPhase section */
		FCD53857266F6BAC005F7BBF /* Frameworks */ = {
			isa = PBXFrameworksBuildPhase;
			buildActionMask = 2147483647;
			files = (
			);
			runOnlyForDeploymentPostprocessing = 0;
		};
/* End PBXFrameworksBuildPhase section */

/* Begin PBXGroup section */
		FCD53851266F6BAC005F7BBF = {
			isa = PBXGroup;
			children = (
				FCD5385C266F6BAC005F7BBF /* sheetpresentation */,
				FCD5385B266F6BAC005F7BBF /* Products */,
			);
			sourceTree = "<group>";
		};
		FCD5385B266F6BAC005F7BBF /* Products */ = {
			isa = PBXGroup;
			children = (
				FCD5385A266F6BAC005F7BBF /* sheetpresentation.app */,
			);
			name = Products;
			sourceTree = "<group>";
		};
		FCD5385C266F6BAC005F7BBF /* sheetpresentation */ = {
			isa = PBXGroup;
			children = (
				FCD5385D266F6BAC005F7BBF /* AppDelegate.swift */,
				FCD5385F266F6BAC005F7BBF /* SceneDelegate.swift */,
				FCD53873266F7A33005F7BBF /* APIService.swift */,
				FCD53861266F6BAC005F7BBF /* HomeViewController.swift */,
				FCD53871266F6DDB005F7BBF /* SheetPage.swift */,
				FCD53866266F6BAE005F7BBF /* Assets.xcassets */,
				FCD53868266F6BAE005F7BBF /* LaunchScreen.storyboard */,
				FCD5386B266F6BAE005F7BBF /* Info.plist */,
			);
			path = sheetpresentation;
			sourceTree = "<group>";
		};
/* End PBXGroup section */

/* Begin PBXNativeTarget section */
		FCD53859266F6BAC005F7BBF /* sheetpresentation */ = {
			isa = PBXNativeTarget;
			buildConfigurationList = FCD5386E266F6BAE005F7BBF /* Build configuration list for PBXNativeTarget "sheetpresentation" */;
			buildPhases = (
				FCD53856266F6BAC005F7BBF /* Sources */,
				FCD53857266F6BAC005F7BBF /* Frameworks */,
				FCD53858266F6BAC005F7BBF /* Resources */,
			);
			buildRules = (
			);
			dependencies = (
			);
			name = sheetpresentation;
			productName = sheetpresentation;
			productReference = FCD5385A266F6BAC005F7BBF /* sheetpresentation.app */;
			productType = "com.apple.product-type.application";
		};
/* End PBXNativeTarget section */

/* Begin PBXProject section */
		FCD53852266F6BAC005F7BBF /* Project object */ = {
			isa = PBXProject;
			attributes = {
				BuildIndependentTargetsInParallel = 1;
				LastSwiftUpdateCheck = 1300;
				LastUpgradeCheck = 1300;
				TargetAttributes = {
					FCD53859266F6BAC005F7BBF = {
						CreatedOnToolsVersion = 13.0;
					};
				};
			};
			buildConfigurationList = FCD53855266F6BAC005F7BBF /* Build configuration list for PBXProject "sheetpresentation" */;
			compatibilityVersion = "Xcode 13.0";
			developmentRegion = en;
			hasScannedForEncodings = 0;
			knownRegions = (
				en,
				Base,
			);
			mainGroup = FCD53851266F6BAC005F7BBF;
			productRefGroup = FCD5385B266F6BAC005F7BBF /* Products */;
			projectDirPath = "";
			projectRoot = "";
			targets = (
				FCD53859266F6BAC005F7BBF /* sheetpresentation */,
			);
		};
/* End PBXProject section */

/* Begin PBXResourcesBuildPhase section */
		FCD53858266F6BAC005F7BBF /* Resources */ = {
			isa = PBXResourcesBuildPhase;
			buildActionMask = 2147483647;
			files = (
				FCD5386A266F6BAE005F7BBF /* LaunchScreen.storyboard in Resources */,
				FCD53867266F6BAE005F7BBF /* Assets.xcassets in Resources */,
			);
			runOnlyForDeploymentPostprocessing = 0;
		};
/* End PBXResourcesBuildPhase section */

/* Begin PBXSourcesBuildPhase section */
		FCD53856266F6BAC005F7BBF /* Sources */ = {
			isa = PBXSourcesBuildPhase;
			buildActionMask = 2147483647;
			files = (
				FCD53872266F6DDB005F7BBF /* SheetPage.swift in Sources */,
				FCD53874266F7A33005F7BBF /* APIService.swift in Sources */,
				FCD53862266F6BAC005F7BBF /* HomeViewController.swift in Sources */,
				FCD5385E266F6BAC005F7BBF /* AppDelegate.swift in Sources */,
				FCD53860266F6BAC005F7BBF /* SceneDelegate.swift in Sources */,
			);
			runOnlyForDeploymentPostprocessing = 0;
		};
/* End PBXSourcesBuildPhase section */

/* Begin PBXVariantGroup section */
		FCD53868266F6BAE005F7BBF /* LaunchScreen.storyboard */ = {
			isa = PBXVariantGroup;
			children = (
				FCD53869266F6BAE005F7BBF /* Base */,
			);
			name = LaunchScreen.storyboard;
			sourceTree = "<group>";
		};
/* End PBXVariantGroup section */

/* Begin XCBuildConfiguration section */
		FCD5386C266F6BAE005F7BBF /* Debug */ = {
			isa = XCBuildConfiguration;
			buildSettings = {
				ALWAYS_SEARCH_USER_PATHS = NO;
				CLANG_ANALYZER_NONNULL = YES;
				CLANG_ANALYZER_NUMBER_OBJECT_CONVERSION = YES_AGGRESSIVE;
				CLANG_CXX_LANGUAGE_STANDARD = "gnu++14";
				CLANG_CXX_LIBRARY = "libc++";
				CLANG_ENABLE_MODULES = YES;
				CLANG_ENABLE_OBJC_ARC = YES;
				CLANG_ENABLE_OBJC_WEAK = YES;
				CLANG_WARN_BLOCK_CAPTURE_AUTORELEASING = YES;
				CLANG_WARN_BOOL_CONVERSION = YES;
				CLANG_WARN_COMMA = YES;
				CLANG_WARN_CONSTANT_CONVERSION = YES;
				CLANG_WARN_DEPRECATED_OBJC_IMPLEMENTATIONS = YES;
				CLANG_WARN_DIRECT_OBJC_ISA_USAGE = YES_ERROR;
				CLANG_WARN_DOCUMENTATION_COMMENTS = YES;
				CLANG_WARN_EMPTY_BODY = YES;
				CLANG_WARN_ENUM_CONVERSION = YES;
				CLANG_WARN_INFINITE_RECURSION = YES;
				CLANG_WARN_INT_CONVERSION = YES;
				CLANG_WARN_NON_LITERAL_NULL_CONVERSION = YES;
				CLANG_WARN_OBJC_IMPLICIT_RETAIN_SELF = YES;
				CLANG_WARN_OBJC_LITERAL_CONVERSION = YES;
				CLANG_WARN_OBJC_ROOT_CLASS = YES_ERROR;
				CLANG_WARN_QUOTED_INCLUDE_IN_FRAMEWORK_HEADER = YES;
				CLANG_WARN_RANGE_LOOP_ANALYSIS = YES;
				CLANG_WARN_STRICT_PROTOTYPES = YES;
				CLANG_WARN_SUSPICIOUS_MOVE = YES;
				CLANG_WARN_UNGUARDED_AVAILABILITY = YES_AGGRESSIVE;
				CLANG_WARN_UNREACHABLE_CODE = YES;
				CLANG_WARN__DUPLICATE_METHOD_MATCH = YES;
				COPY_PHASE_STRIP = NO;
				DEBUG_INFORMATION_FORMAT = dwarf;
				ENABLE_STRICT_OBJC_MSGSEND = YES;
				ENABLE_TESTABILITY = YES;
				GCC_C_LANGUAGE_STANDARD = gnu11;
				GCC_DYNAMIC_NO_PIC = NO;
				GCC_NO_COMMON_BLOCKS = YES;
				GCC_OPTIMIZATION_LEVEL = 0;
				GCC_PREPROCESSOR_DEFINITIONS = (
					"DEBUG=1",
					"$(inherited)",
				);
				GCC_WARN_64_TO_32_BIT_CONVERSION = YES;
				GCC_WARN_ABOUT_RETURN_TYPE = YES_ERROR;
				GCC_WARN_UNDECLARED_SELECTOR = YES;
				GCC_WARN_UNINITIALIZED_AUTOS = YES_AGGRESSIVE;
				GCC_WARN_UNUSED_FUNCTION = YES;
				GCC_WARN_UNUSED_VARIABLE = YES;
				IPHONEOS_DEPLOYMENT_TARGET = 15.0;
				MTL_ENABLE_DEBUG_INFO = INCLUDE_SOURCE;
				MTL_FAST_MATH = YES;
				ONLY_ACTIVE_ARCH = YES;
				SDKROOT = iphoneos;
				SWIFT_ACTIVE_COMPILATION_CONDITIONS = DEBUG;
				SWIFT_OPTIMIZATION_LEVEL = "-Onone";
			};
			name = Debug;
		};
		FCD5386D266F6BAE005F7BBF /* Release */ = {
			isa = XCBuildConfiguration;
			buildSettings = {
				ALWAYS_SEARCH_USER_PATHS = NO;
				CLANG_ANALYZER_NONNULL = YES;
				CLANG_ANALYZER_NUMBER_OBJECT_CONVERSION = YES_AGGRESSIVE;
				CLANG_CXX_LANGUAGE_STANDARD = "gnu++14";
				CLANG_CXX_LIBRARY = "libc++";
				CLANG_ENABLE_MODULES = YES;
				CLANG_ENABLE_OBJC_ARC = YES;
				CLANG_ENABLE_OBJC_WEAK = YES;
				CLANG_WARN_BLOCK_CAPTURE_AUTORELEASING = YES;
				CLANG_WARN_BOOL_CONVERSION = YES;
				CLANG_WARN_COMMA = YES;
				CLANG_WARN_CONSTANT_CONVERSION = YES;
				CLANG_WARN_DEPRECATED_OBJC_IMPLEMENTATIONS = YES;
				CLANG_WARN_DIRECT_OBJC_ISA_USAGE = YES_ERROR;
				CLANG_WARN_DOCUMENTATION_COMMENTS = YES;
				CLANG_WARN_EMPTY_BODY = YES;
				CLANG_WARN_ENUM_CONVERSION = YES;
				CLANG_WARN_INFINITE_RECURSION = YES;
				CLANG_WARN_INT_CONVERSION = YES;
				CLANG_WARN_NON_LITERAL_NULL_CONVERSION = YES;
				CLANG_WARN_OBJC_IMPLICIT_RETAIN_SELF = YES;
				CLANG_WARN_OBJC_LITERAL_CONVERSION = YES;
				CLANG_WARN_OBJC_ROOT_CLASS = YES_ERROR;
				CLANG_WARN_QUOTED_INCLUDE_IN_FRAMEWORK_HEADER = YES;
				CLANG_WARN_RANGE_LOOP_ANALYSIS = YES;
				CLANG_WARN_STRICT_PROTOTYPES = YES;
				CLANG_WARN_SUSPICIOUS_MOVE = YES;
				CLANG_WARN_UNGUARDED_AVAILABILITY = YES_AGGRESSIVE;
				CLANG_WARN_UNREACHABLE_CODE = YES;
				CLANG_WARN__DUPLICATE_METHOD_MATCH = YES;
				COPY_PHASE_STRIP = NO;
				DEBUG_INFORMATION_FORMAT = "dwarf-with-dsym";
				ENABLE_NS_ASSERTIONS = NO;
				ENABLE_STRICT_OBJC_MSGSEND = YES;
				GCC_C_LANGUAGE_STANDARD = gnu11;
				GCC_NO_COMMON_BLOCKS = YES;
				GCC_WARN_64_TO_32_BIT_CONVERSION = YES;
				GCC_WARN_ABOUT_RETURN_TYPE = YES_ERROR;
				GCC_WARN_UNDECLARED_SELECTOR = YES;
				GCC_WARN_UNINITIALIZED_AUTOS = YES_AGGRESSIVE;
				GCC_WARN_UNUSED_FUNCTION = YES;
				GCC_WARN_UNUSED_VARIABLE = YES;
				IPHONEOS_DEPLOYMENT_TARGET = 15.0;
				MTL_ENABLE_DEBUG_INFO = NO;
				MTL_FAST_MATH = YES;
				SDKROOT = iphoneos;
				SWIFT_COMPILATION_MODE = wholemodule;
				SWIFT_OPTIMIZATION_LEVEL = "-O";
				VALIDATE_PRODUCT = YES;
			};
			name = Release;
		};
		FCD5386F266F6BAE005F7BBF /* Debug */ = {
			isa = XCBuildConfiguration;
			buildSettings = {
				ASSETCATALOG_COMPILER_APPICON_NAME = AppIcon;
				ASSETCATALOG_COMPILER_GLOBAL_ACCENT_COLOR_NAME = AccentColor;
				CODE_SIGN_STYLE = Automatic;
				CURRENT_PROJECT_VERSION = 1;
				DEVELOPMENT_TEAM = 39Z5L9EX2B;
				GENERATE_INFOPLIST_FILE = YES;
				INFOPLIST_FILE = sheetpresentation/Info.plist;
				INFOPLIST_KEY_CFBundleExecutable = sheetpresentation;
				INFOPLIST_KEY_CFBundleName = sheetpresentation;
				INFOPLIST_KEY_CFBundleVersion = 1;
				INFOPLIST_KEY_UIApplicationSupportsIndirectInputEvents = YES;
				INFOPLIST_KEY_UILaunchStoryboardName = LaunchScreen;
				INFOPLIST_KEY_UISupportedInterfaceOrientations_iPad = "UIInterfaceOrientationPortrait UIInterfaceOrientationPortraitUpsideDown UIInterfaceOrientationLandscapeLeft UIInterfaceOrientationLandscapeRight";
				INFOPLIST_KEY_UISupportedInterfaceOrientations_iPhone = "UIInterfaceOrientationPortrait UIInterfaceOrientationLandscapeLeft UIInterfaceOrientationLandscapeRight";
				LD_RUNPATH_SEARCH_PATHS = (
					"$(inherited)",
					"@executable_path/Frameworks",
				);
				MARKETING_VERSION = 1.0;
				PRODUCT_BUNDLE_IDENTIFIER = bitsmedia.com.sheetpresentation;
				PRODUCT_NAME = "$(TARGET_NAME)";
				SWIFT_EMIT_LOC_STRINGS = YES;
				SWIFT_VERSION = 5.0;
				TARGETED_DEVICE_FAMILY = "1,2";
			};
			name = Debug;
		};
		FCD53870266F6BAE005F7BBF /* Release */ = {
			isa = XCBuildConfiguration;
			buildSettings = {
				ASSETCATALOG_COMPILER_APPICON_NAME = AppIcon;
				ASSETCATALOG_COMPILER_GLOBAL_ACCENT_COLOR_NAME = AccentColor;
				CODE_SIGN_STYLE = Automatic;
				CURRENT_PROJECT_VERSION = 1;
				DEVELOPMENT_TEAM = 39Z5L9EX2B;
				GENERATE_INFOPLIST_FILE = YES;
				INFOPLIST_FILE = sheetpresentation/Info.plist;
				INFOPLIST_KEY_CFBundleExecutable = sheetpresentation;
				INFOPLIST_KEY_CFBundleName = sheetpresentation;
				INFOPLIST_KEY_CFBundleVersion = 1;
				INFOPLIST_KEY_UIApplicationSupportsIndirectInputEvents = YES;
				INFOPLIST_KEY_UILaunchStoryboardName = LaunchScreen;
				INFOPLIST_KEY_UISupportedInterfaceOrientations_iPad = "UIInterfaceOrientationPortrait UIInterfaceOrientationPortraitUpsideDown UIInterfaceOrientationLandscapeLeft UIInterfaceOrientationLandscapeRight";
				INFOPLIST_KEY_UISupportedInterfaceOrientations_iPhone = "UIInterfaceOrientationPortrait UIInterfaceOrientationLandscapeLeft UIInterfaceOrientationLandscapeRight";
				LD_RUNPATH_SEARCH_PATHS = (
					"$(inherited)",
					"@executable_path/Frameworks",
				);
				MARKETING_VERSION = 1.0;
				PRODUCT_BUNDLE_IDENTIFIER = bitsmedia.com.sheetpresentation;
				PRODUCT_NAME = "$(TARGET_NAME)";
				SWIFT_EMIT_LOC_STRINGS = YES;
				SWIFT_VERSION = 5.0;
				TARGETED_DEVICE_FAMILY = "1,2";
			};
			name = Release;
		};
/* End XCBuildConfiguration section */

/* Begin XCConfigurationList section */
		FCD53855266F6BAC005F7BBF /* Build configuration list for PBXProject "sheetpresentation" */ = {
			isa = XCConfigurationList;
			buildConfigurations = (
				FCD5386C266F6BAE005F7BBF /* Debug */,
				FCD5386D266F6BAE005F7BBF /* Release */,
			);
			defaultConfigurationIsVisible = 0;
			defaultConfigurationName = Release;
		};
		FCD5386E266F6BAE005F7BBF /* Build configuration list for PBXNativeTarget "sheetpresentation" */ = {
			isa = XCConfigurationList;
			buildConfigurations = (
				FCD5386F266F6BAE005F7BBF /* Debug */,
				FCD53870266F6BAE005F7BBF /* Release */,
			);
			defaultConfigurationIsVisible = 0;
			defaultConfigurationName = Release;
		};
/* End XCConfigurationList section */
	};
	rootObject = FCD53852266F6BAC005F7BBF /* Project object */;
}
